{
  "name": "whispermud-telnet",
  "version": "1.0.0",
  "lockfileVersion": 2,
  "requires": true,
  "packages": {
    "": {
      "name": "whispermud-telnet",
      "version": "1.0.0",
      "license": "MIT",
      "dependencies": {
        "whispermud-telnet": "drunkenimpgamestudio/whispermud-telnet"
      }
    },
    "node_modules/whispermud-telnet": {
      "version": "1.0.0",
      "resolved": "git+ssh://git@github.com/drunkenimpgamestudio/whispermud-telnet.git#8136755a6351bd2405a5ddf3473b5bd6f534c4d0",
      "license": "MIT",
      "dependencies": {
        "whispermud-telnet": "drunkenimpgamestudio/whispermud-telnet"
      }
    }
  },
  "dependencies": {
    "whispermud-telnet": {
      "version": "git+ssh://git@github.com/drunkenimpgamestudio/whispermud-telnet.git#8136755a6351bd2405a5ddf3473b5bd6f534c4d0",
      "from": "whispermud-telnet@drunkenimpgamestudio/whispermud-telnet",
      "requires": {
        "whispermud-telnet": "drunkenimpgamestudio/whispermud-telnet"
      }
    }
  }
}
